
Microsoft Visual Studio Solution File, Format Version 12.00
# Visual Studio Version 16
VisualStudioVersion = 16.0.29613.14
MinimumVisualStudioVersion = 10.0.40219.1
Project("{FAE04EC0-301F-11D3-BF4B-00C04F79EFBC}") = "WhatTheFunc", "WhatTheFunc\WhatTheFunc.csproj", "{AFAC9ADF-DD74-4268-9303-27AA75680D82}"
EndProject
Global
	GlobalSection(SolutionConfigurationPlatforms) = preSolution
		Debug|Any CPU = Debug|Any CPU
		Release|Any CPU = Release|Any CPU
	EndGlobalSection
	GlobalSection(ProjectConfigurationPlatforms) = postSolution
		{AFAC9ADF-DD74-4268-9303-27AA75680D82}.Debug|Any CPU.ActiveCfg = Debug|Any CPU
		{AFAC9ADF-DD74-4268-9303-27AA75680D82}.Debug|Any CPU.Build.0 = Debug|Any CPU
		{AFAC9ADF-DD74-4268-9303-27AA75680D82}.Release|Any CPU.ActiveCfg = Release|Any CPU
		{AFAC9ADF-DD74-4268-9303-27AA75680D82}.Release|Any CPU.Build.0 = Release|Any CPU
	EndGlobalSection
	GlobalSection(SolutionProperties) = preSolution
		HideSolutionNode = FALSE
	EndGlobalSection
	GlobalSection(ExtensibilityGlobals) = postSolution
		SolutionGuid = {685EE3AE-1F27-4572-9DC1-09F8C54F42FA}
	EndGlobalSection
EndGlobal
